
Microsoft Visual Studio Solution File, Format Version 12.00
# Visual Studio Version 17
VisualStudioVersion = 17.13.35931.197
MinimumVisualStudioVersion = 10.0.40219.1
Project("{FAE04EC0-301F-11D3-BF4B-00C04F79EFBC}") = "backend", "backend\backend.csproj", "{00909E4F-0475-4B7B-8918-B5BEB507E97D}"
EndProject
Project("{FAE04EC0-301F-11D3-BF4B-00C04F79EFBC}") = "Repositories", "Repositories\Repositories.csproj", "{F904FC30-FE54-442D-8D00-6FD8A7E51FE3}"
EndProject
Project("{FAE04EC0-301F-11D3-BF4B-00C04F79EFBC}") = "Services", "Services\Services.csproj", "{95EFF6EE-FA57-4796-BEFE-3B4B34FE8F5D}"
EndProject
Project("{FAE04EC0-301F-11D3-BF4B-00C04F79EFBC}") = "Exceptions", "Exceptions\Exceptions.csproj", "{ADD7D611-CD41-4EB2-9FBF-C7F867A55215}"
EndProject
Global
	GlobalSection(SolutionConfigurationPlatforms) = preSolution
		Debug|Any CPU = Debug|Any CPU
		Release|Any CPU = Release|Any CPU
	EndGlobalSection
	GlobalSection(ProjectConfigurationPlatforms) = postSolution
		{00909E4F-0475-4B7B-8918-B5BEB507E97D}.Debug|Any CPU.ActiveCfg = Debug|Any CPU
		{00909E4F-0475-4B7B-8918-B5BEB507E97D}.Debug|Any CPU.Build.0 = Debug|Any CPU
		{00909E4F-0475-4B7B-8918-B5BEB507E97D}.Release|Any CPU.ActiveCfg = Release|Any CPU
		{00909E4F-0475-4B7B-8918-B5BEB507E97D}.Release|Any CPU.Build.0 = Release|Any CPU
		{F904FC30-FE54-442D-8D00-6FD8A7E51FE3}.Debug|Any CPU.ActiveCfg = Debug|Any CPU
		{F904FC30-FE54-442D-8D00-6FD8A7E51FE3}.Debug|Any CPU.Build.0 = Debug|Any CPU
		{F904FC30-FE54-442D-8D00-6FD8A7E51FE3}.Release|Any CPU.ActiveCfg = Release|Any CPU
		{F904FC30-FE54-442D-8D00-6FD8A7E51FE3}.Release|Any CPU.Build.0 = Release|Any CPU
		{95EFF6EE-FA57-4796-BEFE-3B4B34FE8F5D}.Debug|Any CPU.ActiveCfg = Debug|Any CPU
		{95EFF6EE-FA57-4796-BEFE-3B4B34FE8F5D}.Debug|Any CPU.Build.0 = Debug|Any CPU
		{95EFF6EE-FA57-4796-BEFE-3B4B34FE8F5D}.Release|Any CPU.ActiveCfg = Release|Any CPU
		{95EFF6EE-FA57-4796-BEFE-3B4B34FE8F5D}.Release|Any CPU.Build.0 = Release|Any CPU
		{ADD7D611-CD41-4EB2-9FBF-C7F867A55215}.Debug|Any CPU.ActiveCfg = Debug|Any CPU
		{ADD7D611-CD41-4EB2-9FBF-C7F867A55215}.Debug|Any CPU.Build.0 = Debug|Any CPU
		{ADD7D611-CD41-4EB2-9FBF-C7F867A55215}.Release|Any CPU.ActiveCfg = Release|Any CPU
		{ADD7D611-CD41-4EB2-9FBF-C7F867A55215}.Release|Any CPU.Build.0 = Release|Any CPU
	EndGlobalSection
	GlobalSection(SolutionProperties) = preSolution
		HideSolutionNode = FALSE
	EndGlobalSection
	GlobalSection(ExtensibilityGlobals) = postSolution
		SolutionGuid = {58BF6E7E-71AE-4562-A224-D371A93FAA3E}
	EndGlobalSection
EndGlobal
